
Microsoft Visual Studio Solution File, Format Version 12.00
# Visual Studio Version 17
VisualStudioVersion = 17.2.32616.157
MinimumVisualStudioVersion = 10.0.40219.1
Project("{FAE04EC0-301F-11D3-BF4B-00C04F79EFBC}") = "SkillFactory_Csharp_Module_15_Practice", "SkillFactory_Csharp_Module_15_Practice\SkillFactory_Csharp_Module_15_Practice.csproj", "{1947CDE5-5633-4C04-B236-6FD5A45FEB99}"
EndProject
Global
	GlobalSection(SolutionConfigurationPlatforms) = preSolution
		Debug|Any CPU = Debug|Any CPU
		Release|Any CPU = Release|Any CPU
	EndGlobalSection
	GlobalSection(ProjectConfigurationPlatforms) = postSolution
		{1947CDE5-5633-4C04-B236-6FD5A45FEB99}.Debug|Any CPU.ActiveCfg = Debug|Any CPU
		{1947CDE5-5633-4C04-B236-6FD5A45FEB99}.Debug|Any CPU.Build.0 = Debug|Any CPU
		{1947CDE5-5633-4C04-B236-6FD5A45FEB99}.Release|Any CPU.ActiveCfg = Release|Any CPU
		{1947CDE5-5633-4C04-B236-6FD5A45FEB99}.Release|Any CPU.Build.0 = Release|Any CPU
	EndGlobalSection
	GlobalSection(SolutionProperties) = preSolution
		HideSolutionNode = FALSE
	EndGlobalSection
	GlobalSection(ExtensibilityGlobals) = postSolution
		SolutionGuid = {C400A6F8-04BD-462F-9C26-D90E5987DA53}
	EndGlobalSection
EndGlobal
